// !$*UTF8*$!
{
	archiveVersion = 1;
	classes = {
	};
	objectVersion = 46;
	objects = {

/* Begin PBXBuildFile section */
		93C3C1EE153233EF004BEF32 /* UIKit.framework in Frameworks */ = {isa = PBXBuildFile; fileRef = 93C3C1ED153233EF004BEF32 /* UIKit.framework */; };
		93C3C1F0153233EF004BEF32 /* Foundation.framework in Frameworks */ = {isa = PBXBuildFile; fileRef = 93C3C1EF153233EF004BEF32 /* Foundation.framework */; };
		93C3C1F2153233EF004BEF32 /* CoreGraphics.framework in Frameworks */ = {isa = PBXBuildFile; fileRef = 93C3C1F1153233EF004BEF32 /* CoreGraphics.framework */; };
		93C3C1F8153233EF004BEF32 /* InfoPlist.strings in Resources */ = {isa = PBXBuildFile; fileRef = 93C3C1F6153233EF004BEF32 /* InfoPlist.strings */; };
		93C3C1FA153233EF004BEF32 /* main.m in Sources */ = {isa = PBXBuildFile; fileRef = 93C3C1F9153233EF004BEF32 /* main.m */; };
		93C3C1FE153233EF004BEF32 /* NOMAppDelegate.m in Sources */ = {isa = PBXBuildFile; fileRef = 93C3C1FD153233EF004BEF32 /* NOMAppDelegate.m */; };
		93C3C201153233EF004BEF32 /* MainStoryboard.storyboard in Resources */ = {isa = PBXBuildFile; fileRef = 93C3C1FF153233EF004BEF32 /* MainStoryboard.storyboard */; };
		93C3C20B153233EF004BEF32 /* NOMSecondViewController.m in Sources */ = {isa = PBXBuildFile; fileRef = 93C3C20A153233EF004BEF32 /* NOMSecondViewController.m */; };
		93C3C21D15323FD3004BEF32 /* NOMRestaurantsViewController.m in Sources */ = {isa = PBXBuildFile; fileRef = 93C3C21C15323FD3004BEF32 /* NOMRestaurantsViewController.m */; };
/* End PBXBuildFile section */

/* Begin PBXFileReference section */
		93C3C1E9153233EF004BEF32 /* Noms.app */ = {isa = PBXFileReference; explicitFileType = wrapper.application; includeInIndex = 0; path = Noms.app; sourceTree = BUILT_PRODUCTS_DIR; };
		93C3C1ED153233EF004BEF32 /* UIKit.framework */ = {isa = PBXFileReference; lastKnownFileType = wrapper.framework; name = UIKit.framework; path = System/Library/Frameworks/UIKit.framework; sourceTree = SDKROOT; };
		93C3C1EF153233EF004BEF32 /* Foundation.framework */ = {isa = PBXFileReference; lastKnownFileType = wrapper.framework; name = Foundation.framework; path = System/Library/Frameworks/Foundation.framework; sourceTree = SDKROOT; };
		93C3C1F1153233EF004BEF32 /* CoreGraphics.framework */ = {isa = PBXFileReference; lastKnownFileType = wrapper.framework; name = CoreGraphics.framework; path = System/Library/Frameworks/CoreGraphics.framework; sourceTree = SDKROOT; };
		93C3C1F5153233EF004BEF32 /* Noms-Info.plist */ = {isa = PBXFileReference; lastKnownFileType = text.plist.xml; path = "Noms-Info.plist"; sourceTree = "<group>"; };
		93C3C1F7153233EF004BEF32 /* en */ = {isa = PBXFileReference; lastKnownFileType = text.plist.strings; name = en; path = en.lproj/InfoPlist.strings; sourceTree = "<group>"; };
		93C3C1F9153233EF004BEF32 /* main.m */ = {isa = PBXFileReference; lastKnownFileType = sourcecode.c.objc; path = main.m; sourceTree = "<group>"; };
		93C3C1FB153233EF004BEF32 /* Noms-Prefix.pch */ = {isa = PBXFileReference; lastKnownFileType = sourcecode.c.h; path = "Noms-Prefix.pch"; sourceTree = "<group>"; };
		93C3C1FC153233EF004BEF32 /* NOMAppDelegate.h */ = {isa = PBXFileReference; lastKnownFileType = sourcecode.c.h; path = NOMAppDelegate.h; sourceTree = "<group>"; };
		93C3C1FD153233EF004BEF32 /* NOMAppDelegate.m */ = {isa = PBXFileReference; lastKnownFileType = sourcecode.c.objc; path = NOMAppDelegate.m; sourceTree = "<group>"; };
		93C3C200153233EF004BEF32 /* en */ = {isa = PBXFileReference; lastKnownFileType = file.storyboard; name = en; path = en.lproj/MainStoryboard.storyboard; sourceTree = "<group>"; };
		93C3C209153233EF004BEF32 /* NOMSecondViewController.h */ = {isa = PBXFileReference; lastKnownFileType = sourcecode.c.h; path = NOMSecondViewController.h; sourceTree = "<group>"; };
		93C3C20A153233EF004BEF32 /* NOMSecondViewController.m */ = {isa = PBXFileReference; lastKnownFileType = sourcecode.c.objc; path = NOMSecondViewController.m; sourceTree = "<group>"; };
		93C3C21B15323FD3004BEF32 /* NOMRestaurantsViewController.h */ = {isa = PBXFileReference; fileEncoding = 4; lastKnownFileType = sourcecode.c.h; path = NOMRestaurantsViewController.h; sourceTree = "<group>"; };
		93C3C21C15323FD3004BEF32 /* NOMRestaurantsViewController.m */ = {isa = PBXFileReference; fileEncoding = 4; lastKnownFileType = sourcecode.c.objc; path = NOMRestaurantsViewController.m; sourceTree = "<group>"; };
/* End PBXFileReference section */

/* Begin PBXFrameworksBuildPhase section */
		93C3C1E6153233EF004BEF32 /* Frameworks */ = {
			isa = PBXFrameworksBuildPhase;
			buildActionMask = 2147483647;
			files = (
				93C3C1EE153233EF004BEF32 /* UIKit.framework in Frameworks */,
				93C3C1F0153233EF004BEF32 /* Foundation.framework in Frameworks */,
				93C3C1F2153233EF004BEF32 /* CoreGraphics.framework in Frameworks */,
			);
			runOnlyForDeploymentPostprocessing = 0;
		};
/* End PBXFrameworksBuildPhase section */

/* Begin PBXGroup section */
		93C3C1DE153233EF004BEF32 = {
			isa = PBXGroup;
			children = (
				93C3C1F3153233EF004BEF32 /* Noms */,
				93C3C1EC153233EF004BEF32 /* Frameworks */,
				93C3C1EA153233EF004BEF32 /* Products */,
			);
			sourceTree = "<group>";
		};
		93C3C1EA153233EF004BEF32 /* Products */ = {
			isa = PBXGroup;
			children = (
				93C3C1E9153233EF004BEF32 /* Noms.app */,
			);
			name = Products;
			sourceTree = "<group>";
		};
		93C3C1EC153233EF004BEF32 /* Frameworks */ = {
			isa = PBXGroup;
			children = (
				93C3C1ED153233EF004BEF32 /* UIKit.framework */,
				93C3C1EF153233EF004BEF32 /* Foundation.framework */,
				93C3C1F1153233EF004BEF32 /* CoreGraphics.framework */,
			);
			name = Frameworks;
			sourceTree = "<group>";
		};
		93C3C1F3153233EF004BEF32 /* Noms */ = {
			isa = PBXGroup;
			children = (
				93C3C21A15323F7D004BEF32 /* DataModels */,
				93C3C21915323F69004BEF32 /* ViewControllers */,
				93C3C1FC153233EF004BEF32 /* NOMAppDelegate.h */,
				93C3C1FD153233EF004BEF32 /* NOMAppDelegate.m */,
				93C3C1FF153233EF004BEF32 /* MainStoryboard.storyboard */,
				93C3C209153233EF004BEF32 /* NOMSecondViewController.h */,
				93C3C20A153233EF004BEF32 /* NOMSecondViewController.m */,
				93C3C1F4153233EF004BEF32 /* Supporting Files */,
			);
			path = Noms;
			sourceTree = "<group>";
		};
		93C3C1F4153233EF004BEF32 /* Supporting Files */ = {
			isa = PBXGroup;
			children = (
				93C3C1F5153233EF004BEF32 /* Noms-Info.plist */,
				93C3C1F6153233EF004BEF32 /* InfoPlist.strings */,
				93C3C1F9153233EF004BEF32 /* main.m */,
				93C3C1FB153233EF004BEF32 /* Noms-Prefix.pch */,
			);
			name = "Supporting Files";
			sourceTree = "<group>";
		};
		93C3C21915323F69004BEF32 /* ViewControllers */ = {
			isa = PBXGroup;
			children = (
				93C3C21B15323FD3004BEF32 /* NOMRestaurantsViewController.h */,
				93C3C21C15323FD3004BEF32 /* NOMRestaurantsViewController.m */,
			);
			name = ViewControllers;
			sourceTree = "<group>";
		};
		93C3C21A15323F7D004BEF32 /* DataModels */ = {
			isa = PBXGroup;
			children = (
			);
			name = DataModels;
			sourceTree = "<group>";
		};
/* End PBXGroup section */

/* Begin PBXNativeTarget section */
		93C3C1E8153233EF004BEF32 /* Noms */ = {
			isa = PBXNativeTarget;
			buildConfigurationList = 93C3C212153233EF004BEF32 /* Build configuration list for PBXNativeTarget "Noms" */;
			buildPhases = (
				93C3C1E5153233EF004BEF32 /* Sources */,
				93C3C1E6153233EF004BEF32 /* Frameworks */,
				93C3C1E7153233EF004BEF32 /* Resources */,
			);
			buildRules = (
			);
			dependencies = (
			);
			name = Noms;
			productName = Noms;
			productReference = 93C3C1E9153233EF004BEF32 /* Noms.app */;
			productType = "com.apple.product-type.application";
		};
/* End PBXNativeTarget section */

/* Begin PBXProject section */
		93C3C1E0153233EF004BEF32 /* Project object */ = {
			isa = PBXProject;
			attributes = {
				CLASSPREFIX = NOM;
				LastUpgradeCheck = 0430;
			};
			buildConfigurationList = 93C3C1E3153233EF004BEF32 /* Build configuration list for PBXProject "Noms" */;
			compatibilityVersion = "Xcode 3.2";
			developmentRegion = English;
			hasScannedForEncodings = 0;
			knownRegions = (
				en,
			);
			mainGroup = 93C3C1DE153233EF004BEF32;
			productRefGroup = 93C3C1EA153233EF004BEF32 /* Products */;
			projectDirPath = "";
			projectRoot = "";
			targets = (
				93C3C1E8153233EF004BEF32 /* Noms */,
			);
		};
/* End PBXProject section */

/* Begin PBXResourcesBuildPhase section */
		93C3C1E7153233EF004BEF32 /* Resources */ = {
			isa = PBXResourcesBuildPhase;
			buildActionMask = 2147483647;
			files = (
				93C3C1F8153233EF004BEF32 /* InfoPlist.strings in Resources */,
				93C3C201153233EF004BEF32 /* MainStoryboard.storyboard in Resources */,
			);
			runOnlyForDeploymentPostprocessing = 0;
		};
/* End PBXResourcesBuildPhase section */

/* Begin PBXSourcesBuildPhase section */
		93C3C1E5153233EF004BEF32 /* Sources */ = {
			isa = PBXSourcesBuildPhase;
			buildActionMask = 2147483647;
			files = (
				93C3C1FA153233EF004BEF32 /* main.m in Sources */,
				93C3C1FE153233EF004BEF32 /* NOMAppDelegate.m in Sources */,
				93C3C20B153233EF004BEF32 /* NOMSecondViewController.m in Sources */,
				93C3C21D15323FD3004BEF32 /* NOMRestaurantsViewController.m in Sources */,
			);
			runOnlyForDeploymentPostprocessing = 0;
		};
/* End PBXSourcesBuildPhase section */

/* Begin PBXVariantGroup section */
		93C3C1F6153233EF004BEF32 /* InfoPlist.strings */ = {
			isa = PBXVariantGroup;
			children = (
				93C3C1F7153233EF004BEF32 /* en */,
			);
			name = InfoPlist.strings;
			sourceTree = "<group>";
		};
		93C3C1FF153233EF004BEF32 /* MainStoryboard.storyboard */ = {
			isa = PBXVariantGroup;
			children = (
				93C3C200153233EF004BEF32 /* en */,
			);
			name = MainStoryboard.storyboard;
			sourceTree = "<group>";
		};
/* End PBXVariantGroup section */

/* Begin XCBuildConfiguration section */
		93C3C210153233EF004BEF32 /* Debug */ = {
			isa = XCBuildConfiguration;
			buildSettings = {
				ALWAYS_SEARCH_USER_PATHS = NO;
				ARCHS = "$(ARCHS_STANDARD_32_BIT)";
				CLANG_ENABLE_OBJC_ARC = YES;
				"CODE_SIGN_IDENTITY[sdk=iphoneos*]" = "iPhone Developer";
				COPY_PHASE_STRIP = NO;
				GCC_C_LANGUAGE_STANDARD = gnu99;
				GCC_DYNAMIC_NO_PIC = NO;
				GCC_OPTIMIZATION_LEVEL = 0;
				GCC_PREPROCESSOR_DEFINITIONS = (
					"DEBUG=1",
					"$(inherited)",
				);
				GCC_SYMBOLS_PRIVATE_EXTERN = NO;
				GCC_VERSION = com.apple.compilers.llvm.clang.1_0;
				GCC_WARN_ABOUT_RETURN_TYPE = YES;
				GCC_WARN_UNINITIALIZED_AUTOS = YES;
				GCC_WARN_UNUSED_VARIABLE = YES;
				IPHONEOS_DEPLOYMENT_TARGET = 5.1;
				SDKROOT = iphoneos;
			};
			name = Debug;
		};
		93C3C211153233EF004BEF32 /* Release */ = {
			isa = XCBuildConfiguration;
			buildSettings = {
				ALWAYS_SEARCH_USER_PATHS = NO;
				ARCHS = "$(ARCHS_STANDARD_32_BIT)";
				CLANG_ENABLE_OBJC_ARC = YES;
				"CODE_SIGN_IDENTITY[sdk=iphoneos*]" = "iPhone Developer";
				COPY_PHASE_STRIP = YES;
				GCC_C_LANGUAGE_STANDARD = gnu99;
				GCC_VERSION = com.apple.compilers.llvm.clang.1_0;
				GCC_WARN_ABOUT_RETURN_TYPE = YES;
				GCC_WARN_UNINITIALIZED_AUTOS = YES;
				GCC_WARN_UNUSED_VARIABLE = YES;
				IPHONEOS_DEPLOYMENT_TARGET = 5.1;
				OTHER_CFLAGS = "-DNS_BLOCK_ASSERTIONS=1";
				SDKROOT = iphoneos;
				VALIDATE_PRODUCT = YES;
			};
			name = Release;
		};
		93C3C213153233EF004BEF32 /* Debug */ = {
			isa = XCBuildConfiguration;
			buildSettings = {
				GCC_PRECOMPILE_PREFIX_HEADER = YES;
				GCC_PREFIX_HEADER = "Noms/Noms-Prefix.pch";
				INFOPLIST_FILE = "Noms/Noms-Info.plist";
				PRODUCT_NAME = "$(TARGET_NAME)";
				WRAPPER_EXTENSION = app;
			};
			name = Debug;
		};
		93C3C214153233EF004BEF32 /* Release */ = {
			isa = XCBuildConfiguration;
			buildSettings = {
				GCC_PRECOMPILE_PREFIX_HEADER = YES;
				GCC_PREFIX_HEADER = "Noms/Noms-Prefix.pch";
				INFOPLIST_FILE = "Noms/Noms-Info.plist";
				PRODUCT_NAME = "$(TARGET_NAME)";
				WRAPPER_EXTENSION = app;
			};
			name = Release;
		};
/* End XCBuildConfiguration section */

/* Begin XCConfigurationList section */
		93C3C1E3153233EF004BEF32 /* Build configuration list for PBXProject "Noms" */ = {
			isa = XCConfigurationList;
			buildConfigurations = (
				93C3C210153233EF004BEF32 /* Debug */,
				93C3C211153233EF004BEF32 /* Release */,
			);
			defaultConfigurationIsVisible = 0;
			defaultConfigurationName = Release;
		};
		93C3C212153233EF004BEF32 /* Build configuration list for PBXNativeTarget "Noms" */ = {
			isa = XCConfigurationList;
			buildConfigurations = (
				93C3C213153233EF004BEF32 /* Debug */,
				93C3C214153233EF004BEF32 /* Release */,
			);
			defaultConfigurationIsVisible = 0;
		};
/* End XCConfigurationList section */
	};
	rootObject = 93C3C1E0153233EF004BEF32 /* Project object */;
}
