// !$*UTF8*$!
{
	archiveVersion = 1;
	classes = {
	};
	objectVersion = 46;
	objects = {

/* Begin PBXBuildFile section */
		93218F51153AAF3B00E96DCC /* CoreLocation.framework in Frameworks */ = {isa = PBXBuildFile; fileRef = 93218F50153AAF3B00E96DCC /* CoreLocation.framework */; };
		93218F58153ABDD400E96DCC /* NOMFindRestaurantsViewController.m in Sources */ = {isa = PBXBuildFile; fileRef = 93218F57153ABDD400E96DCC /* NOMFindRestaurantsViewController.m */; };
		9342384C154B2A8600D3F008 /* AFHTTPClient.m in Sources */ = {isa = PBXBuildFile; fileRef = 93423838154B2A8600D3F008 /* AFHTTPClient.m */; settings = {COMPILER_FLAGS = "-fno-objc-arc"; }; };
		9342384D154B2A8600D3F008 /* AFHTTPRequestOperation.m in Sources */ = {isa = PBXBuildFile; fileRef = 9342383A154B2A8600D3F008 /* AFHTTPRequestOperation.m */; settings = {COMPILER_FLAGS = "-fno-objc-arc"; }; };
		9342384E154B2A8600D3F008 /* AFImageRequestOperation.m in Sources */ = {isa = PBXBuildFile; fileRef = 9342383C154B2A8600D3F008 /* AFImageRequestOperation.m */; settings = {COMPILER_FLAGS = "-fno-objc-arc"; }; };
		9342384F154B2A8600D3F008 /* AFJSONRequestOperation.m in Sources */ = {isa = PBXBuildFile; fileRef = 9342383E154B2A8600D3F008 /* AFJSONRequestOperation.m */; settings = {COMPILER_FLAGS = "-fno-objc-arc"; }; };
		93423850154B2A8600D3F008 /* AFJSONUtilities.m in Sources */ = {isa = PBXBuildFile; fileRef = 93423840154B2A8600D3F008 /* AFJSONUtilities.m */; settings = {COMPILER_FLAGS = "-fno-objc-arc"; }; };
		93423851154B2A8600D3F008 /* AFNetworkActivityIndicatorManager.m in Sources */ = {isa = PBXBuildFile; fileRef = 93423842154B2A8600D3F008 /* AFNetworkActivityIndicatorManager.m */; settings = {COMPILER_FLAGS = "-fno-objc-arc"; }; };
		93423852154B2A8600D3F008 /* AFPropertyListRequestOperation.m in Sources */ = {isa = PBXBuildFile; fileRef = 93423845154B2A8600D3F008 /* AFPropertyListRequestOperation.m */; settings = {COMPILER_FLAGS = "-fno-objc-arc"; }; };
		93423853154B2A8600D3F008 /* AFURLConnectionOperation.m in Sources */ = {isa = PBXBuildFile; fileRef = 93423847154B2A8600D3F008 /* AFURLConnectionOperation.m */; settings = {COMPILER_FLAGS = "-fno-objc-arc"; }; };
		93423854154B2A8600D3F008 /* AFXMLRequestOperation.m in Sources */ = {isa = PBXBuildFile; fileRef = 93423849154B2A8600D3F008 /* AFXMLRequestOperation.m */; settings = {COMPILER_FLAGS = "-fno-objc-arc"; }; };
		93423855154B2A8600D3F008 /* UIImageView+AFNetworking.m in Sources */ = {isa = PBXBuildFile; fileRef = 9342384B154B2A8600D3F008 /* UIImageView+AFNetworking.m */; settings = {COMPILER_FLAGS = "-fno-objc-arc"; }; };
		93423858154B2B5300D3F008 /* MapKit.framework in Frameworks */ = {isa = PBXBuildFile; fileRef = 93423857154B2B5300D3F008 /* MapKit.framework */; };
		9342385B154BAC5D00D3F008 /* NOMAddNomViewController.m in Sources */ = {isa = PBXBuildFile; fileRef = 9342385A154BAC5D00D3F008 /* NOMAddNomViewController.m */; };
		9342385E154BAFC700D3F008 /* NOMNommedFoodModel.m in Sources */ = {isa = PBXBuildFile; fileRef = 9342385D154BAFC700D3F008 /* NOMNommedFoodModel.m */; };
		93423869154D118600D3F008 /* NOMAugmentedMenuViewController.m in Sources */ = {isa = PBXBuildFile; fileRef = 93423868154D118600D3F008 /* NOMAugmentedMenuViewController.m */; };
		934AD1E8155256C500F86298 /* NOMNomsAPIClient.m in Sources */ = {isa = PBXBuildFile; fileRef = 934AD1E7155256C500F86298 /* NOMNomsAPIClient.m */; };
		934AD21615565DA500F86298 /* .gitignore in Resources */ = {isa = PBXBuildFile; fileRef = 934AD1F715565DA500F86298 /* .gitignore */; };
		934AD21715565DA500F86298 /* README.md in Resources */ = {isa = PBXBuildFile; fileRef = 934AD1F815565DA500F86298 /* README.md */; };
		934AD22115565DA500F86298 /* TPKeyboardAvoidingScrollView.m in Sources */ = {isa = PBXBuildFile; fileRef = 934AD20F15565DA500F86298 /* TPKeyboardAvoidingScrollView.m */; };
		934AD22815568C3100F86298 /* in_n_out_burger.jpg in Resources */ = {isa = PBXBuildFile; fileRef = 934AD22715568C3100F86298 /* in_n_out_burger.jpg */; };
		934AD22A15568CAA00F86298 /* in_n_out_burger_cropped.png in Resources */ = {isa = PBXBuildFile; fileRef = 934AD22915568CAA00F86298 /* in_n_out_burger_cropped.png */; };
		934AD22C155797E300F86298 /* Animal_Style_Fries.jpg in Resources */ = {isa = PBXBuildFile; fileRef = 934AD22B155797E200F86298 /* Animal_Style_Fries.jpg */; };
		934AD22E155797EA00F86298 /* shake.jpg in Resources */ = {isa = PBXBuildFile; fileRef = 934AD22D155797EA00F86298 /* shake.jpg */; };
		934AD23115579FA000F86298 /* camera.jpg in Resources */ = {isa = PBXBuildFile; fileRef = 934AD23015579FA000F86298 /* camera.jpg */; };
		93A7A2C0153E6F04006D63C7 /* NOMMenuViewController.m in Sources */ = {isa = PBXBuildFile; fileRef = 93A7A2BF153E6F04006D63C7 /* NOMMenuViewController.m */; };
		93A7A2C4153E7078006D63C7 /* NOMMenus.m in Sources */ = {isa = PBXBuildFile; fileRef = 93A7A2C3153E7078006D63C7 /* NOMMenus.m */; };
		93C3C1EE153233EF004BEF32 /* UIKit.framework in Frameworks */ = {isa = PBXBuildFile; fileRef = 93C3C1ED153233EF004BEF32 /* UIKit.framework */; };
		93C3C1F0153233EF004BEF32 /* Foundation.framework in Frameworks */ = {isa = PBXBuildFile; fileRef = 93C3C1EF153233EF004BEF32 /* Foundation.framework */; };
		93C3C1F2153233EF004BEF32 /* CoreGraphics.framework in Frameworks */ = {isa = PBXBuildFile; fileRef = 93C3C1F1153233EF004BEF32 /* CoreGraphics.framework */; };
		93C3C1F8153233EF004BEF32 /* InfoPlist.strings in Resources */ = {isa = PBXBuildFile; fileRef = 93C3C1F6153233EF004BEF32 /* InfoPlist.strings */; };
		93C3C1FA153233EF004BEF32 /* main.m in Sources */ = {isa = PBXBuildFile; fileRef = 93C3C1F9153233EF004BEF32 /* main.m */; };
		93C3C1FE153233EF004BEF32 /* NOMAppDelegate.m in Sources */ = {isa = PBXBuildFile; fileRef = 93C3C1FD153233EF004BEF32 /* NOMAppDelegate.m */; };
		93C3C201153233EF004BEF32 /* MainStoryboard.storyboard in Resources */ = {isa = PBXBuildFile; fileRef = 93C3C1FF153233EF004BEF32 /* MainStoryboard.storyboard */; };
		93C3C21D15323FD3004BEF32 /* NOMRestaurantsViewController.m in Sources */ = {isa = PBXBuildFile; fileRef = 93C3C21C15323FD3004BEF32 /* NOMRestaurantsViewController.m */; };
		93C3C220153248DC004BEF32 /* NOMRestaurants.m in Sources */ = {isa = PBXBuildFile; fileRef = 93C3C21F153248DC004BEF32 /* NOMRestaurants.m */; };
		93D861A3154FE84300B64AB6 /* NOMFoodDetailViewController.m in Sources */ = {isa = PBXBuildFile; fileRef = 93D861A2154FE84300B64AB6 /* NOMFoodDetailViewController.m */; };
		93D861BC1550E32900B64AB6 /* libRestKit.a in Frameworks */ = {isa = PBXBuildFile; fileRef = 93D861B11550E1C800B64AB6 /* libRestKit.a */; };
		93D861BE1550E37A00B64AB6 /* CFNetwork.framework in Frameworks */ = {isa = PBXBuildFile; fileRef = 93D861BD1550E37A00B64AB6 /* CFNetwork.framework */; };
		93D861C01550E38900B64AB6 /* CoreData.framework in Frameworks */ = {isa = PBXBuildFile; fileRef = 93D861BF1550E38900B64AB6 /* CoreData.framework */; };
		93D861C21550E39600B64AB6 /* MobileCoreServices.framework in Frameworks */ = {isa = PBXBuildFile; fileRef = 93D861C11550E39600B64AB6 /* MobileCoreServices.framework */; };
		93D861C41550E3B300B64AB6 /* Security.framework in Frameworks */ = {isa = PBXBuildFile; fileRef = 93D861C31550E3B300B64AB6 /* Security.framework */; };
		93D861C61550E3C500B64AB6 /* SystemConfiguration.framework in Frameworks */ = {isa = PBXBuildFile; fileRef = 93D861C51550E3C500B64AB6 /* SystemConfiguration.framework */; };
		93D861C81550E3D600B64AB6 /* QuartzCore.framework in Frameworks */ = {isa = PBXBuildFile; fileRef = 93D861C71550E3D600B64AB6 /* QuartzCore.framework */; };
		93D861CA1550E3F600B64AB6 /* libxml2.2.7.3.dylib in Frameworks */ = {isa = PBXBuildFile; fileRef = 93D861C91550E3F600B64AB6 /* libxml2.2.7.3.dylib */; };
/* End PBXBuildFile section */

/* Begin PBXContainerItemProxy section */
		93D861B01550E1C800B64AB6 /* PBXContainerItemProxy */ = {
			isa = PBXContainerItemProxy;
			containerPortal = 93D861A51550E1C700B64AB6 /* RestKit.xcodeproj */;
			proxyType = 2;
			remoteGlobalIDString = 25160D1614564E810060A5C5;
			remoteInfo = RestKit;
		};
		93D861B21550E1C800B64AB6 /* PBXContainerItemProxy */ = {
			isa = PBXContainerItemProxy;
			containerPortal = 93D861A51550E1C700B64AB6 /* RestKit.xcodeproj */;
			proxyType = 2;
			remoteGlobalIDString = 25160D2614564E820060A5C5;
			remoteInfo = RestKitTests;
		};
		93D861B41550E1C800B64AB6 /* PBXContainerItemProxy */ = {
			isa = PBXContainerItemProxy;
			containerPortal = 93D861A51550E1C700B64AB6 /* RestKit.xcodeproj */;
			proxyType = 2;
			remoteGlobalIDString = 25160E62145651060060A5C5;
			remoteInfo = RestKitFramework;
		};
		93D861B61550E1C800B64AB6 /* PBXContainerItemProxy */ = {
			isa = PBXContainerItemProxy;
			containerPortal = 93D861A51550E1C700B64AB6 /* RestKit.xcodeproj */;
			proxyType = 2;
			remoteGlobalIDString = 25160E78145651060060A5C5;
			remoteInfo = RestKitFrameworkTests;
		};
		93D861B81550E1C800B64AB6 /* PBXContainerItemProxy */ = {
			isa = PBXContainerItemProxy;
			containerPortal = 93D861A51550E1C700B64AB6 /* RestKit.xcodeproj */;
			proxyType = 2;
			remoteGlobalIDString = 259C301615128079003066A2;
			remoteInfo = RestKitResources;
		};
		93D861BA1550E2FE00B64AB6 /* PBXContainerItemProxy */ = {
			isa = PBXContainerItemProxy;
			containerPortal = 93D861A51550E1C700B64AB6 /* RestKit.xcodeproj */;
			proxyType = 1;
			remoteGlobalIDString = 25160D1514564E810060A5C5;
			remoteInfo = RestKit;
		};
/* End PBXContainerItemProxy section */

/* Begin PBXFileReference section */
		93218F50153AAF3B00E96DCC /* CoreLocation.framework */ = {isa = PBXFileReference; lastKnownFileType = wrapper.framework; name = CoreLocation.framework; path = System/Library/Frameworks/CoreLocation.framework; sourceTree = SDKROOT; };
		93218F56153ABDD400E96DCC /* NOMFindRestaurantsViewController.h */ = {isa = PBXFileReference; fileEncoding = 4; lastKnownFileType = sourcecode.c.h; path = NOMFindRestaurantsViewController.h; sourceTree = "<group>"; };
		93218F57153ABDD400E96DCC /* NOMFindRestaurantsViewController.m */ = {isa = PBXFileReference; fileEncoding = 4; lastKnownFileType = sourcecode.c.objc; path = NOMFindRestaurantsViewController.m; sourceTree = "<group>"; };
		93423837154B2A8600D3F008 /* AFHTTPClient.h */ = {isa = PBXFileReference; fileEncoding = 4; lastKnownFileType = sourcecode.c.h; path = AFHTTPClient.h; sourceTree = "<group>"; };
		93423838154B2A8600D3F008 /* AFHTTPClient.m */ = {isa = PBXFileReference; fileEncoding = 4; lastKnownFileType = sourcecode.c.objc; path = AFHTTPClient.m; sourceTree = "<group>"; };
		93423839154B2A8600D3F008 /* AFHTTPRequestOperation.h */ = {isa = PBXFileReference; fileEncoding = 4; lastKnownFileType = sourcecode.c.h; path = AFHTTPRequestOperation.h; sourceTree = "<group>"; };
		9342383A154B2A8600D3F008 /* AFHTTPRequestOperation.m */ = {isa = PBXFileReference; fileEncoding = 4; lastKnownFileType = sourcecode.c.objc; path = AFHTTPRequestOperation.m; sourceTree = "<group>"; };
		9342383B154B2A8600D3F008 /* AFImageRequestOperation.h */ = {isa = PBXFileReference; fileEncoding = 4; lastKnownFileType = sourcecode.c.h; path = AFImageRequestOperation.h; sourceTree = "<group>"; };
		9342383C154B2A8600D3F008 /* AFImageRequestOperation.m */ = {isa = PBXFileReference; fileEncoding = 4; lastKnownFileType = sourcecode.c.objc; path = AFImageRequestOperation.m; sourceTree = "<group>"; };
		9342383D154B2A8600D3F008 /* AFJSONRequestOperation.h */ = {isa = PBXFileReference; fileEncoding = 4; lastKnownFileType = sourcecode.c.h; path = AFJSONRequestOperation.h; sourceTree = "<group>"; };
		9342383E154B2A8600D3F008 /* AFJSONRequestOperation.m */ = {isa = PBXFileReference; fileEncoding = 4; lastKnownFileType = sourcecode.c.objc; path = AFJSONRequestOperation.m; sourceTree = "<group>"; };
		9342383F154B2A8600D3F008 /* AFJSONUtilities.h */ = {isa = PBXFileReference; fileEncoding = 4; lastKnownFileType = sourcecode.c.h; path = AFJSONUtilities.h; sourceTree = "<group>"; };
		93423840154B2A8600D3F008 /* AFJSONUtilities.m */ = {isa = PBXFileReference; fileEncoding = 4; lastKnownFileType = sourcecode.c.objc; path = AFJSONUtilities.m; sourceTree = "<group>"; };
		93423841154B2A8600D3F008 /* AFNetworkActivityIndicatorManager.h */ = {isa = PBXFileReference; fileEncoding = 4; lastKnownFileType = sourcecode.c.h; path = AFNetworkActivityIndicatorManager.h; sourceTree = "<group>"; };
		93423842154B2A8600D3F008 /* AFNetworkActivityIndicatorManager.m */ = {isa = PBXFileReference; fileEncoding = 4; lastKnownFileType = sourcecode.c.objc; path = AFNetworkActivityIndicatorManager.m; sourceTree = "<group>"; };
		93423843154B2A8600D3F008 /* AFNetworking.h */ = {isa = PBXFileReference; fileEncoding = 4; lastKnownFileType = sourcecode.c.h; path = AFNetworking.h; sourceTree = "<group>"; };
		93423844154B2A8600D3F008 /* AFPropertyListRequestOperation.h */ = {isa = PBXFileReference; fileEncoding = 4; lastKnownFileType = sourcecode.c.h; path = AFPropertyListRequestOperation.h; sourceTree = "<group>"; };
		93423845154B2A8600D3F008 /* AFPropertyListRequestOperation.m */ = {isa = PBXFileReference; fileEncoding = 4; lastKnownFileType = sourcecode.c.objc; path = AFPropertyListRequestOperation.m; sourceTree = "<group>"; };
		93423846154B2A8600D3F008 /* AFURLConnectionOperation.h */ = {isa = PBXFileReference; fileEncoding = 4; lastKnownFileType = sourcecode.c.h; path = AFURLConnectionOperation.h; sourceTree = "<group>"; };
		93423847154B2A8600D3F008 /* AFURLConnectionOperation.m */ = {isa = PBXFileReference; fileEncoding = 4; lastKnownFileType = sourcecode.c.objc; path = AFURLConnectionOperation.m; sourceTree = "<group>"; };
		93423848154B2A8600D3F008 /* AFXMLRequestOperation.h */ = {isa = PBXFileReference; fileEncoding = 4; lastKnownFileType = sourcecode.c.h; path = AFXMLRequestOperation.h; sourceTree = "<group>"; };
		93423849154B2A8600D3F008 /* AFXMLRequestOperation.m */ = {isa = PBXFileReference; fileEncoding = 4; lastKnownFileType = sourcecode.c.objc; path = AFXMLRequestOperation.m; sourceTree = "<group>"; };
		9342384A154B2A8600D3F008 /* UIImageView+AFNetworking.h */ = {isa = PBXFileReference; fileEncoding = 4; lastKnownFileType = sourcecode.c.h; path = "UIImageView+AFNetworking.h"; sourceTree = "<group>"; };
		9342384B154B2A8600D3F008 /* UIImageView+AFNetworking.m */ = {isa = PBXFileReference; fileEncoding = 4; lastKnownFileType = sourcecode.c.objc; path = "UIImageView+AFNetworking.m"; sourceTree = "<group>"; };
		93423857154B2B5300D3F008 /* MapKit.framework */ = {isa = PBXFileReference; lastKnownFileType = wrapper.framework; name = MapKit.framework; path = System/Library/Frameworks/MapKit.framework; sourceTree = SDKROOT; };
		93423859154BAC5D00D3F008 /* NOMAddNomViewController.h */ = {isa = PBXFileReference; fileEncoding = 4; lastKnownFileType = sourcecode.c.h; path = NOMAddNomViewController.h; sourceTree = "<group>"; };
		9342385A154BAC5D00D3F008 /* NOMAddNomViewController.m */ = {isa = PBXFileReference; fileEncoding = 4; lastKnownFileType = sourcecode.c.objc; path = NOMAddNomViewController.m; sourceTree = "<group>"; };
		9342385C154BAFC700D3F008 /* NOMNommedFoodModel.h */ = {isa = PBXFileReference; fileEncoding = 4; lastKnownFileType = sourcecode.c.h; path = NOMNommedFoodModel.h; sourceTree = "<group>"; };
		9342385D154BAFC700D3F008 /* NOMNommedFoodModel.m */ = {isa = PBXFileReference; fileEncoding = 4; lastKnownFileType = sourcecode.c.objc; path = NOMNommedFoodModel.m; sourceTree = "<group>"; };
		93423867154D118600D3F008 /* NOMAugmentedMenuViewController.h */ = {isa = PBXFileReference; fileEncoding = 4; lastKnownFileType = sourcecode.c.h; path = NOMAugmentedMenuViewController.h; sourceTree = "<group>"; };
		93423868154D118600D3F008 /* NOMAugmentedMenuViewController.m */ = {isa = PBXFileReference; fileEncoding = 4; lastKnownFileType = sourcecode.c.objc; path = NOMAugmentedMenuViewController.m; sourceTree = "<group>"; };
		934AD1E6155256C500F86298 /* NOMNomsAPIClient.h */ = {isa = PBXFileReference; fileEncoding = 4; lastKnownFileType = sourcecode.c.h; path = NOMNomsAPIClient.h; sourceTree = "<group>"; };
		934AD1E7155256C500F86298 /* NOMNomsAPIClient.m */ = {isa = PBXFileReference; fileEncoding = 4; lastKnownFileType = sourcecode.c.objc; path = NOMNomsAPIClient.m; sourceTree = "<group>"; };
		934AD1F715565DA500F86298 /* .gitignore */ = {isa = PBXFileReference; fileEncoding = 4; lastKnownFileType = text; path = .gitignore; sourceTree = "<group>"; };
		934AD1F815565DA500F86298 /* README.md */ = {isa = PBXFileReference; fileEncoding = 4; lastKnownFileType = text; path = README.md; sourceTree = "<group>"; };
		934AD20E15565DA500F86298 /* TPKeyboardAvoidingScrollView.h */ = {isa = PBXFileReference; fileEncoding = 4; lastKnownFileType = sourcecode.c.h; path = TPKeyboardAvoidingScrollView.h; sourceTree = "<group>"; };
		934AD20F15565DA500F86298 /* TPKeyboardAvoidingScrollView.m */ = {isa = PBXFileReference; fileEncoding = 4; lastKnownFileType = sourcecode.c.objc; path = TPKeyboardAvoidingScrollView.m; sourceTree = "<group>"; };
		934AD22715568C3100F86298 /* in_n_out_burger.jpg */ = {isa = PBXFileReference; lastKnownFileType = image.jpeg; path = in_n_out_burger.jpg; sourceTree = "<group>"; };
		934AD22915568CAA00F86298 /* in_n_out_burger_cropped.png */ = {isa = PBXFileReference; lastKnownFileType = image.png; path = in_n_out_burger_cropped.png; sourceTree = "<group>"; };
		934AD22B155797E200F86298 /* Animal_Style_Fries.jpg */ = {isa = PBXFileReference; lastKnownFileType = image.jpeg; path = Animal_Style_Fries.jpg; sourceTree = "<group>"; };
		934AD22D155797EA00F86298 /* shake.jpg */ = {isa = PBXFileReference; lastKnownFileType = image.jpeg; path = shake.jpg; sourceTree = "<group>"; };
		934AD23015579FA000F86298 /* camera.jpg */ = {isa = PBXFileReference; lastKnownFileType = image.jpeg; path = camera.jpg; sourceTree = "<group>"; };
		93A7A2BE153E6F04006D63C7 /* NOMMenuViewController.h */ = {isa = PBXFileReference; fileEncoding = 4; lastKnownFileType = sourcecode.c.h; path = NOMMenuViewController.h; sourceTree = "<group>"; };
		93A7A2BF153E6F04006D63C7 /* NOMMenuViewController.m */ = {isa = PBXFileReference; fileEncoding = 4; lastKnownFileType = sourcecode.c.objc; path = NOMMenuViewController.m; sourceTree = "<group>"; };
		93A7A2C2153E7078006D63C7 /* NOMMenus.h */ = {isa = PBXFileReference; fileEncoding = 4; lastKnownFileType = sourcecode.c.h; path = NOMMenus.h; sourceTree = "<group>"; };
		93A7A2C3153E7078006D63C7 /* NOMMenus.m */ = {isa = PBXFileReference; fileEncoding = 4; lastKnownFileType = sourcecode.c.objc; path = NOMMenus.m; sourceTree = "<group>"; };
		93C3C1E9153233EF004BEF32 /* Noms.app */ = {isa = PBXFileReference; explicitFileType = wrapper.application; includeInIndex = 0; path = Noms.app; sourceTree = BUILT_PRODUCTS_DIR; };
		93C3C1ED153233EF004BEF32 /* UIKit.framework */ = {isa = PBXFileReference; lastKnownFileType = wrapper.framework; name = UIKit.framework; path = System/Library/Frameworks/UIKit.framework; sourceTree = SDKROOT; };
		93C3C1EF153233EF004BEF32 /* Foundation.framework */ = {isa = PBXFileReference; lastKnownFileType = wrapper.framework; name = Foundation.framework; path = System/Library/Frameworks/Foundation.framework; sourceTree = SDKROOT; };
		93C3C1F1153233EF004BEF32 /* CoreGraphics.framework */ = {isa = PBXFileReference; lastKnownFileType = wrapper.framework; name = CoreGraphics.framework; path = System/Library/Frameworks/CoreGraphics.framework; sourceTree = SDKROOT; };
		93C3C1F5153233EF004BEF32 /* Noms-Info.plist */ = {isa = PBXFileReference; lastKnownFileType = text.plist.xml; path = "Noms-Info.plist"; sourceTree = "<group>"; };
		93C3C1F7153233EF004BEF32 /* en */ = {isa = PBXFileReference; lastKnownFileType = text.plist.strings; name = en; path = en.lproj/InfoPlist.strings; sourceTree = "<group>"; };
		93C3C1F9153233EF004BEF32 /* main.m */ = {isa = PBXFileReference; lastKnownFileType = sourcecode.c.objc; path = main.m; sourceTree = "<group>"; };
		93C3C1FB153233EF004BEF32 /* Noms-Prefix.pch */ = {isa = PBXFileReference; lastKnownFileType = sourcecode.c.h; path = "Noms-Prefix.pch"; sourceTree = "<group>"; };
		93C3C1FC153233EF004BEF32 /* NOMAppDelegate.h */ = {isa = PBXFileReference; lastKnownFileType = sourcecode.c.h; path = NOMAppDelegate.h; sourceTree = "<group>"; };
		93C3C1FD153233EF004BEF32 /* NOMAppDelegate.m */ = {isa = PBXFileReference; lastKnownFileType = sourcecode.c.objc; path = NOMAppDelegate.m; sourceTree = "<group>"; };
		93C3C200153233EF004BEF32 /* en */ = {isa = PBXFileReference; lastKnownFileType = file.storyboard; name = en; path = en.lproj/MainStoryboard.storyboard; sourceTree = "<group>"; };
		93C3C21B15323FD3004BEF32 /* NOMRestaurantsViewController.h */ = {isa = PBXFileReference; fileEncoding = 4; lastKnownFileType = sourcecode.c.h; path = NOMRestaurantsViewController.h; sourceTree = "<group>"; };
		93C3C21C15323FD3004BEF32 /* NOMRestaurantsViewController.m */ = {isa = PBXFileReference; fileEncoding = 4; lastKnownFileType = sourcecode.c.objc; path = NOMRestaurantsViewController.m; sourceTree = "<group>"; };
		93C3C21E153248DC004BEF32 /* NOMRestaurants.h */ = {isa = PBXFileReference; fileEncoding = 4; lastKnownFileType = sourcecode.c.h; path = NOMRestaurants.h; sourceTree = "<group>"; };
		93C3C21F153248DC004BEF32 /* NOMRestaurants.m */ = {isa = PBXFileReference; fileEncoding = 4; lastKnownFileType = sourcecode.c.objc; path = NOMRestaurants.m; sourceTree = "<group>"; };
		93D861A1154FE84300B64AB6 /* NOMFoodDetailViewController.h */ = {isa = PBXFileReference; fileEncoding = 4; lastKnownFileType = sourcecode.c.h; path = NOMFoodDetailViewController.h; sourceTree = "<group>"; };
		93D861A2154FE84300B64AB6 /* NOMFoodDetailViewController.m */ = {isa = PBXFileReference; fileEncoding = 4; lastKnownFileType = sourcecode.c.objc; path = NOMFoodDetailViewController.m; sourceTree = "<group>"; };
		93D861A51550E1C700B64AB6 /* RestKit.xcodeproj */ = {isa = PBXFileReference; lastKnownFileType = "wrapper.pb-project"; name = RestKit.xcodeproj; path = RestKit/RestKit.xcodeproj; sourceTree = "<group>"; };
		93D861BD1550E37A00B64AB6 /* CFNetwork.framework */ = {isa = PBXFileReference; lastKnownFileType = wrapper.framework; name = CFNetwork.framework; path = System/Library/Frameworks/CFNetwork.framework; sourceTree = SDKROOT; };
		93D861BF1550E38900B64AB6 /* CoreData.framework */ = {isa = PBXFileReference; lastKnownFileType = wrapper.framework; name = CoreData.framework; path = System/Library/Frameworks/CoreData.framework; sourceTree = SDKROOT; };
		93D861C11550E39600B64AB6 /* MobileCoreServices.framework */ = {isa = PBXFileReference; lastKnownFileType = wrapper.framework; name = MobileCoreServices.framework; path = System/Library/Frameworks/MobileCoreServices.framework; sourceTree = SDKROOT; };
		93D861C31550E3B300B64AB6 /* Security.framework */ = {isa = PBXFileReference; lastKnownFileType = wrapper.framework; name = Security.framework; path = System/Library/Frameworks/Security.framework; sourceTree = SDKROOT; };
		93D861C51550E3C500B64AB6 /* SystemConfiguration.framework */ = {isa = PBXFileReference; lastKnownFileType = wrapper.framework; name = SystemConfiguration.framework; path = System/Library/Frameworks/SystemConfiguration.framework; sourceTree = SDKROOT; };
		93D861C71550E3D600B64AB6 /* QuartzCore.framework */ = {isa = PBXFileReference; lastKnownFileType = wrapper.framework; name = QuartzCore.framework; path = System/Library/Frameworks/QuartzCore.framework; sourceTree = SDKROOT; };
		93D861C91550E3F600B64AB6 /* libxml2.2.7.3.dylib */ = {isa = PBXFileReference; lastKnownFileType = "compiled.mach-o.dylib"; name = libxml2.2.7.3.dylib; path = usr/lib/libxml2.2.7.3.dylib; sourceTree = SDKROOT; };
/* End PBXFileReference section */

/* Begin PBXFrameworksBuildPhase section */
		93C3C1E6153233EF004BEF32 /* Frameworks */ = {
			isa = PBXFrameworksBuildPhase;
			buildActionMask = 2147483647;
			files = (
				93D861CA1550E3F600B64AB6 /* libxml2.2.7.3.dylib in Frameworks */,
				93D861C81550E3D600B64AB6 /* QuartzCore.framework in Frameworks */,
				93D861C61550E3C500B64AB6 /* SystemConfiguration.framework in Frameworks */,
				93D861C41550E3B300B64AB6 /* Security.framework in Frameworks */,
				93D861C21550E39600B64AB6 /* MobileCoreServices.framework in Frameworks */,
				93D861C01550E38900B64AB6 /* CoreData.framework in Frameworks */,
				93D861BE1550E37A00B64AB6 /* CFNetwork.framework in Frameworks */,
				93D861BC1550E32900B64AB6 /* libRestKit.a in Frameworks */,
				93423858154B2B5300D3F008 /* MapKit.framework in Frameworks */,
				93218F51153AAF3B00E96DCC /* CoreLocation.framework in Frameworks */,
				93C3C1EE153233EF004BEF32 /* UIKit.framework in Frameworks */,
				93C3C1F0153233EF004BEF32 /* Foundation.framework in Frameworks */,
				93C3C1F2153233EF004BEF32 /* CoreGraphics.framework in Frameworks */,
			);
			runOnlyForDeploymentPostprocessing = 0;
		};
/* End PBXFrameworksBuildPhase section */

/* Begin PBXGroup section */
		93423836154B2A8600D3F008 /* AFNetworking */ = {
			isa = PBXGroup;
			children = (
				93423837154B2A8600D3F008 /* AFHTTPClient.h */,
				93423838154B2A8600D3F008 /* AFHTTPClient.m */,
				93423839154B2A8600D3F008 /* AFHTTPRequestOperation.h */,
				9342383A154B2A8600D3F008 /* AFHTTPRequestOperation.m */,
				9342383B154B2A8600D3F008 /* AFImageRequestOperation.h */,
				9342383C154B2A8600D3F008 /* AFImageRequestOperation.m */,
				9342383D154B2A8600D3F008 /* AFJSONRequestOperation.h */,
				9342383E154B2A8600D3F008 /* AFJSONRequestOperation.m */,
				9342383F154B2A8600D3F008 /* AFJSONUtilities.h */,
				93423840154B2A8600D3F008 /* AFJSONUtilities.m */,
				93423841154B2A8600D3F008 /* AFNetworkActivityIndicatorManager.h */,
				93423842154B2A8600D3F008 /* AFNetworkActivityIndicatorManager.m */,
				93423843154B2A8600D3F008 /* AFNetworking.h */,
				93423844154B2A8600D3F008 /* AFPropertyListRequestOperation.h */,
				93423845154B2A8600D3F008 /* AFPropertyListRequestOperation.m */,
				93423846154B2A8600D3F008 /* AFURLConnectionOperation.h */,
				93423847154B2A8600D3F008 /* AFURLConnectionOperation.m */,
				93423848154B2A8600D3F008 /* AFXMLRequestOperation.h */,
				93423849154B2A8600D3F008 /* AFXMLRequestOperation.m */,
				9342384A154B2A8600D3F008 /* UIImageView+AFNetworking.h */,
				9342384B154B2A8600D3F008 /* UIImageView+AFNetworking.m */,
			);
			path = AFNetworking;
			sourceTree = "<group>";
		};
		934AD1F615565DA500F86298 /* TPKeyboardAvoiding */ = {
			isa = PBXGroup;
			children = (
				934AD1F715565DA500F86298 /* .gitignore */,
				934AD1F815565DA500F86298 /* README.md */,
				934AD20E15565DA500F86298 /* TPKeyboardAvoidingScrollView.h */,
				934AD20F15565DA500F86298 /* TPKeyboardAvoidingScrollView.m */,
			);
			path = TPKeyboardAvoiding;
			sourceTree = "<group>";
		};
		934AD22615568BF500F86298 /* Images */ = {
			isa = PBXGroup;
			children = (
				934AD23015579FA000F86298 /* camera.jpg */,
				934AD22D155797EA00F86298 /* shake.jpg */,
				934AD22B155797E200F86298 /* Animal_Style_Fries.jpg */,
				934AD22915568CAA00F86298 /* in_n_out_burger_cropped.png */,
				934AD22715568C3100F86298 /* in_n_out_burger.jpg */,
			);
			name = Images;
			sourceTree = "<group>";
		};
		934AD22F1557992E00F86298 /* icons */ = {
			isa = PBXGroup;
			children = (
			);
			name = icons;
			sourceTree = "<group>";
		};
		93C3C1DE153233EF004BEF32 = {
			isa = PBXGroup;
			children = (
				934AD1F615565DA500F86298 /* TPKeyboardAvoiding */,
				93423836154B2A8600D3F008 /* AFNetworking */,
				93C3C1F3153233EF004BEF32 /* Noms */,
				93C3C1EC153233EF004BEF32 /* Frameworks */,
				93C3C1EA153233EF004BEF32 /* Products */,
			);
			sourceTree = "<group>";
		};
		93C3C1EA153233EF004BEF32 /* Products */ = {
			isa = PBXGroup;
			children = (
				93C3C1E9153233EF004BEF32 /* Noms.app */,
			);
			name = Products;
			sourceTree = "<group>";
		};
		93C3C1EC153233EF004BEF32 /* Frameworks */ = {
			isa = PBXGroup;
			children = (
				93423857154B2B5300D3F008 /* MapKit.framework */,
				93D861C91550E3F600B64AB6 /* libxml2.2.7.3.dylib */,
				93D861C71550E3D600B64AB6 /* QuartzCore.framework */,
				93D861C51550E3C500B64AB6 /* SystemConfiguration.framework */,
				93D861C31550E3B300B64AB6 /* Security.framework */,
				93D861C11550E39600B64AB6 /* MobileCoreServices.framework */,
				93D861BF1550E38900B64AB6 /* CoreData.framework */,
				93D861BD1550E37A00B64AB6 /* CFNetwork.framework */,
				93D861A51550E1C700B64AB6 /* RestKit.xcodeproj */,
				93218F50153AAF3B00E96DCC /* CoreLocation.framework */,
				93C3C1ED153233EF004BEF32 /* UIKit.framework */,
				93C3C1EF153233EF004BEF32 /* Foundation.framework */,
				93C3C1F1153233EF004BEF32 /* CoreGraphics.framework */,
			);
			name = Frameworks;
			sourceTree = "<group>";
		};
		93C3C1F3153233EF004BEF32 /* Noms */ = {
			isa = PBXGroup;
			children = (
				93C3C21A15323F7D004BEF32 /* DataModels */,
				93C3C21915323F69004BEF32 /* ViewControllers */,
				93C3C1FC153233EF004BEF32 /* NOMAppDelegate.h */,
				93C3C1FD153233EF004BEF32 /* NOMAppDelegate.m */,
				934AD1E6155256C500F86298 /* NOMNomsAPIClient.h */,
				934AD1E7155256C500F86298 /* NOMNomsAPIClient.m */,
				93C3C1FF153233EF004BEF32 /* MainStoryboard.storyboard */,
				93C3C1F4153233EF004BEF32 /* Supporting Files */,
			);
			path = Noms;
			sourceTree = "<group>";
		};
		93C3C1F4153233EF004BEF32 /* Supporting Files */ = {
			isa = PBXGroup;
			children = (
				934AD22F1557992E00F86298 /* icons */,
				934AD22615568BF500F86298 /* Images */,
				93C3C1F5153233EF004BEF32 /* Noms-Info.plist */,
				93C3C1F6153233EF004BEF32 /* InfoPlist.strings */,
				93C3C1F9153233EF004BEF32 /* main.m */,
				93C3C1FB153233EF004BEF32 /* Noms-Prefix.pch */,
			);
			name = "Supporting Files";
			sourceTree = "<group>";
		};
		93C3C21915323F69004BEF32 /* ViewControllers */ = {
			isa = PBXGroup;
			children = (
				93D861A1154FE84300B64AB6 /* NOMFoodDetailViewController.h */,
				93D861A2154FE84300B64AB6 /* NOMFoodDetailViewController.m */,
				93423859154BAC5D00D3F008 /* NOMAddNomViewController.h */,
				9342385A154BAC5D00D3F008 /* NOMAddNomViewController.m */,
				93218F56153ABDD400E96DCC /* NOMFindRestaurantsViewController.h */,
				93218F57153ABDD400E96DCC /* NOMFindRestaurantsViewController.m */,
				93C3C21B15323FD3004BEF32 /* NOMRestaurantsViewController.h */,
				93C3C21C15323FD3004BEF32 /* NOMRestaurantsViewController.m */,
				93A7A2BE153E6F04006D63C7 /* NOMMenuViewController.h */,
				93A7A2BF153E6F04006D63C7 /* NOMMenuViewController.m */,
				93423867154D118600D3F008 /* NOMAugmentedMenuViewController.h */,
				93423868154D118600D3F008 /* NOMAugmentedMenuViewController.m */,
			);
			name = ViewControllers;
			sourceTree = "<group>";
		};
		93C3C21A15323F7D004BEF32 /* DataModels */ = {
			isa = PBXGroup;
			children = (
				9342385C154BAFC700D3F008 /* NOMNommedFoodModel.h */,
				9342385D154BAFC700D3F008 /* NOMNommedFoodModel.m */,
				93C3C21E153248DC004BEF32 /* NOMRestaurants.h */,
				93C3C21F153248DC004BEF32 /* NOMRestaurants.m */,
				93A7A2C2153E7078006D63C7 /* NOMMenus.h */,
				93A7A2C3153E7078006D63C7 /* NOMMenus.m */,
			);
			name = DataModels;
			sourceTree = "<group>";
		};
		93D861A61550E1C700B64AB6 /* Products */ = {
			isa = PBXGroup;
			children = (
				93D861B11550E1C800B64AB6 /* libRestKit.a */,
				93D861B31550E1C800B64AB6 /* RestKitTests.octest */,
				93D861B51550E1C800B64AB6 /* RestKit.framework */,
				93D861B71550E1C800B64AB6 /* RestKitFrameworkTests.octest */,
				93D861B91550E1C800B64AB6 /* RestKitResources.bundle */,
			);
			name = Products;
			sourceTree = "<group>";
		};
/* End PBXGroup section */

/* Begin PBXNativeTarget section */
		93C3C1E8153233EF004BEF32 /* Noms */ = {
			isa = PBXNativeTarget;
			buildConfigurationList = 93C3C212153233EF004BEF32 /* Build configuration list for PBXNativeTarget "Noms" */;
			buildPhases = (
				93C3C1E5153233EF004BEF32 /* Sources */,
				93C3C1E6153233EF004BEF32 /* Frameworks */,
				93C3C1E7153233EF004BEF32 /* Resources */,
			);
			buildRules = (
			);
			dependencies = (
				93D861BB1550E2FE00B64AB6 /* PBXTargetDependency */,
			);
			name = Noms;
			productName = Noms;
			productReference = 93C3C1E9153233EF004BEF32 /* Noms.app */;
			productType = "com.apple.product-type.application";
		};
/* End PBXNativeTarget section */

/* Begin PBXProject section */
		93C3C1E0153233EF004BEF32 /* Project object */ = {
			isa = PBXProject;
			attributes = {
				CLASSPREFIX = NOM;
				LastUpgradeCheck = 0430;
			};
			buildConfigurationList = 93C3C1E3153233EF004BEF32 /* Build configuration list for PBXProject "Noms" */;
			compatibilityVersion = "Xcode 3.2";
			developmentRegion = English;
			hasScannedForEncodings = 0;
			knownRegions = (
				en,
			);
			mainGroup = 93C3C1DE153233EF004BEF32;
			productRefGroup = 93C3C1EA153233EF004BEF32 /* Products */;
			projectDirPath = "";
			projectReferences = (
				{
					ProductGroup = 93D861A61550E1C700B64AB6 /* Products */;
					ProjectRef = 93D861A51550E1C700B64AB6 /* RestKit.xcodeproj */;
				},
			);
			projectRoot = "";
			targets = (
				93C3C1E8153233EF004BEF32 /* Noms */,
			);
		};
/* End PBXProject section */

/* Begin PBXReferenceProxy section */
		93D861B11550E1C800B64AB6 /* libRestKit.a */ = {
			isa = PBXReferenceProxy;
			fileType = archive.ar;
			path = libRestKit.a;
			remoteRef = 93D861B01550E1C800B64AB6 /* PBXContainerItemProxy */;
			sourceTree = BUILT_PRODUCTS_DIR;
		};
		93D861B31550E1C800B64AB6 /* RestKitTests.octest */ = {
			isa = PBXReferenceProxy;
			fileType = wrapper.cfbundle;
			path = RestKitTests.octest;
			remoteRef = 93D861B21550E1C800B64AB6 /* PBXContainerItemProxy */;
			sourceTree = BUILT_PRODUCTS_DIR;
		};
		93D861B51550E1C800B64AB6 /* RestKit.framework */ = {
			isa = PBXReferenceProxy;
			fileType = wrapper.framework;
			path = RestKit.framework;
			remoteRef = 93D861B41550E1C800B64AB6 /* PBXContainerItemProxy */;
			sourceTree = BUILT_PRODUCTS_DIR;
		};
		93D861B71550E1C800B64AB6 /* RestKitFrameworkTests.octest */ = {
			isa = PBXReferenceProxy;
			fileType = wrapper.cfbundle;
			path = RestKitFrameworkTests.octest;
			remoteRef = 93D861B61550E1C800B64AB6 /* PBXContainerItemProxy */;
			sourceTree = BUILT_PRODUCTS_DIR;
		};
		93D861B91550E1C800B64AB6 /* RestKitResources.bundle */ = {
			isa = PBXReferenceProxy;
			fileType = wrapper.cfbundle;
			path = RestKitResources.bundle;
			remoteRef = 93D861B81550E1C800B64AB6 /* PBXContainerItemProxy */;
			sourceTree = BUILT_PRODUCTS_DIR;
		};
/* End PBXReferenceProxy section */

/* Begin PBXResourcesBuildPhase section */
		93C3C1E7153233EF004BEF32 /* Resources */ = {
			isa = PBXResourcesBuildPhase;
			buildActionMask = 2147483647;
			files = (
				93C3C1F8153233EF004BEF32 /* InfoPlist.strings in Resources */,
				93C3C201153233EF004BEF32 /* MainStoryboard.storyboard in Resources */,
				934AD21615565DA500F86298 /* .gitignore in Resources */,
				934AD21715565DA500F86298 /* README.md in Resources */,
				934AD22815568C3100F86298 /* in_n_out_burger.jpg in Resources */,
				934AD22A15568CAA00F86298 /* in_n_out_burger_cropped.png in Resources */,
				934AD22C155797E300F86298 /* Animal_Style_Fries.jpg in Resources */,
				934AD22E155797EA00F86298 /* shake.jpg in Resources */,
				934AD23115579FA000F86298 /* camera.jpg in Resources */,
			);
			runOnlyForDeploymentPostprocessing = 0;
		};
/* End PBXResourcesBuildPhase section */

/* Begin PBXSourcesBuildPhase section */
		93C3C1E5153233EF004BEF32 /* Sources */ = {
			isa = PBXSourcesBuildPhase;
			buildActionMask = 2147483647;
			files = (
				93C3C1FA153233EF004BEF32 /* main.m in Sources */,
				93C3C1FE153233EF004BEF32 /* NOMAppDelegate.m in Sources */,
				93C3C21D15323FD3004BEF32 /* NOMRestaurantsViewController.m in Sources */,
				93C3C220153248DC004BEF32 /* NOMRestaurants.m in Sources */,
				93218F58153ABDD400E96DCC /* NOMFindRestaurantsViewController.m in Sources */,
				93A7A2C0153E6F04006D63C7 /* NOMMenuViewController.m in Sources */,
				93A7A2C4153E7078006D63C7 /* NOMMenus.m in Sources */,
				9342384C154B2A8600D3F008 /* AFHTTPClient.m in Sources */,
				9342384D154B2A8600D3F008 /* AFHTTPRequestOperation.m in Sources */,
				9342384E154B2A8600D3F008 /* AFImageRequestOperation.m in Sources */,
				9342384F154B2A8600D3F008 /* AFJSONRequestOperation.m in Sources */,
				93423850154B2A8600D3F008 /* AFJSONUtilities.m in Sources */,
				93423851154B2A8600D3F008 /* AFNetworkActivityIndicatorManager.m in Sources */,
				93423852154B2A8600D3F008 /* AFPropertyListRequestOperation.m in Sources */,
				93423853154B2A8600D3F008 /* AFURLConnectionOperation.m in Sources */,
				93423854154B2A8600D3F008 /* AFXMLRequestOperation.m in Sources */,
				93423855154B2A8600D3F008 /* UIImageView+AFNetworking.m in Sources */,
				9342385B154BAC5D00D3F008 /* NOMAddNomViewController.m in Sources */,
				9342385E154BAFC700D3F008 /* NOMNommedFoodModel.m in Sources */,
				93423869154D118600D3F008 /* NOMAugmentedMenuViewController.m in Sources */,
				93D861A3154FE84300B64AB6 /* NOMFoodDetailViewController.m in Sources */,
				934AD1E8155256C500F86298 /* NOMNomsAPIClient.m in Sources */,
				934AD22115565DA500F86298 /* TPKeyboardAvoidingScrollView.m in Sources */,
			);
			runOnlyForDeploymentPostprocessing = 0;
		};
/* End PBXSourcesBuildPhase section */

/* Begin PBXTargetDependency section */
		93D861BB1550E2FE00B64AB6 /* PBXTargetDependency */ = {
			isa = PBXTargetDependency;
			name = RestKit;
			targetProxy = 93D861BA1550E2FE00B64AB6 /* PBXContainerItemProxy */;
		};
/* End PBXTargetDependency section */

/* Begin PBXVariantGroup section */
		93C3C1F6153233EF004BEF32 /* InfoPlist.strings */ = {
			isa = PBXVariantGroup;
			children = (
				93C3C1F7153233EF004BEF32 /* en */,
			);
			name = InfoPlist.strings;
			sourceTree = "<group>";
		};
		93C3C1FF153233EF004BEF32 /* MainStoryboard.storyboard */ = {
			isa = PBXVariantGroup;
			children = (
				93C3C200153233EF004BEF32 /* en */,
			);
			name = MainStoryboard.storyboard;
			sourceTree = "<group>";
		};
/* End PBXVariantGroup section */

/* Begin XCBuildConfiguration section */
		93C3C210153233EF004BEF32 /* Debug */ = {
			isa = XCBuildConfiguration;
			buildSettings = {
				ALWAYS_SEARCH_USER_PATHS = NO;
				ARCHS = "$(ARCHS_STANDARD_32_BIT)";
				CLANG_ENABLE_OBJC_ARC = YES;
				"CODE_SIGN_IDENTITY[sdk=iphoneos*]" = "iPhone Developer";
				COPY_PHASE_STRIP = NO;
				GCC_C_LANGUAGE_STANDARD = gnu99;
				GCC_DYNAMIC_NO_PIC = NO;
				GCC_OPTIMIZATION_LEVEL = 0;
				GCC_PREPROCESSOR_DEFINITIONS = (
					"DEBUG=1",
					"$(inherited)",
				);
				GCC_SYMBOLS_PRIVATE_EXTERN = NO;
				GCC_VERSION = com.apple.compilers.llvm.clang.1_0;
				GCC_WARN_ABOUT_RETURN_TYPE = YES;
				GCC_WARN_UNINITIALIZED_AUTOS = YES;
				GCC_WARN_UNUSED_VARIABLE = YES;
				IPHONEOS_DEPLOYMENT_TARGET = 5.1;
				SDKROOT = iphoneos;
			};
			name = Debug;
		};
		93C3C211153233EF004BEF32 /* Release */ = {
			isa = XCBuildConfiguration;
			buildSettings = {
				ALWAYS_SEARCH_USER_PATHS = NO;
				ARCHS = "$(ARCHS_STANDARD_32_BIT)";
				CLANG_ENABLE_OBJC_ARC = YES;
				"CODE_SIGN_IDENTITY[sdk=iphoneos*]" = "iPhone Developer";
				COPY_PHASE_STRIP = YES;
				GCC_C_LANGUAGE_STANDARD = gnu99;
				GCC_VERSION = com.apple.compilers.llvm.clang.1_0;
				GCC_WARN_ABOUT_RETURN_TYPE = YES;
				GCC_WARN_UNINITIALIZED_AUTOS = YES;
				GCC_WARN_UNUSED_VARIABLE = YES;
				IPHONEOS_DEPLOYMENT_TARGET = 5.1;
				OTHER_CFLAGS = "-DNS_BLOCK_ASSERTIONS=1";
				SDKROOT = iphoneos;
				VALIDATE_PRODUCT = YES;
			};
			name = Release;
		};
		93C3C213153233EF004BEF32 /* Debug */ = {
			isa = XCBuildConfiguration;
			buildSettings = {
				GCC_PRECOMPILE_PREFIX_HEADER = YES;
				GCC_PREFIX_HEADER = "Noms/Noms-Prefix.pch";
				HEADER_SEARCH_PATHS = "\"$(BUILT_PRODUCTS_DIR)/../../Headers\"";
				INFOPLIST_FILE = "Noms/Noms-Info.plist";
				OTHER_LDFLAGS = (
					"-ObjC",
					"-all_load",
				);
				PRODUCT_NAME = "$(TARGET_NAME)";
				WRAPPER_EXTENSION = app;
			};
			name = Debug;
		};
		93C3C214153233EF004BEF32 /* Release */ = {
			isa = XCBuildConfiguration;
			buildSettings = {
				GCC_PRECOMPILE_PREFIX_HEADER = YES;
				GCC_PREFIX_HEADER = "Noms/Noms-Prefix.pch";
				HEADER_SEARCH_PATHS = "\"$(BUILT_PRODUCTS_DIR)/../../Headers\"";
				INFOPLIST_FILE = "Noms/Noms-Info.plist";
				OTHER_LDFLAGS = (
					"-ObjC",
					"-all_load",
				);
				PRODUCT_NAME = "$(TARGET_NAME)";
				WRAPPER_EXTENSION = app;
			};
			name = Release;
		};
/* End XCBuildConfiguration section */

/* Begin XCConfigurationList section */
		93C3C1E3153233EF004BEF32 /* Build configuration list for PBXProject "Noms" */ = {
			isa = XCConfigurationList;
			buildConfigurations = (
				93C3C210153233EF004BEF32 /* Debug */,
				93C3C211153233EF004BEF32 /* Release */,
			);
			defaultConfigurationIsVisible = 0;
			defaultConfigurationName = Release;
		};
		93C3C212153233EF004BEF32 /* Build configuration list for PBXNativeTarget "Noms" */ = {
			isa = XCConfigurationList;
			buildConfigurations = (
				93C3C213153233EF004BEF32 /* Debug */,
				93C3C214153233EF004BEF32 /* Release */,
			);
			defaultConfigurationIsVisible = 0;
			defaultConfigurationName = Release;
		};
/* End XCConfigurationList section */
	};
	rootObject = 93C3C1E0153233EF004BEF32 /* Project object */;
}
